
Microsoft Visual Studio Solution File, Format Version 12.00
# Visual Studio Version 17
VisualStudioVersion = 17.9.34714.143
MinimumVisualStudioVersion = 10.0.40219.1
Project("{FAE04EC0-301F-11D3-BF4B-00C04F79EFBC}") = "ProyectoMuebleria", "ProyectoMuebleria\ProyectoMuebleria.csproj", "{5BA24E8B-B497-4508-9E26-CE95F94E626A}"
EndProject
Global
	GlobalSection(SolutionConfigurationPlatforms) = preSolution
		Debug|Any CPU = Debug|Any CPU
		Release|Any CPU = Release|Any CPU
	EndGlobalSection
	GlobalSection(ProjectConfigurationPlatforms) = postSolution
		{5BA24E8B-B497-4508-9E26-CE95F94E626A}.Debug|Any CPU.ActiveCfg = Debug|Any CPU
		{5BA24E8B-B497-4508-9E26-CE95F94E626A}.Debug|Any CPU.Build.0 = Debug|Any CPU
		{5BA24E8B-B497-4508-9E26-CE95F94E626A}.Release|Any CPU.ActiveCfg = Release|Any CPU
		{5BA24E8B-B497-4508-9E26-CE95F94E626A}.Release|Any CPU.Build.0 = Release|Any CPU
	EndGlobalSection
	GlobalSection(SolutionProperties) = preSolution
		HideSolutionNode = FALSE
	EndGlobalSection
	GlobalSection(ExtensibilityGlobals) = postSolution
		SolutionGuid = {4FC4BA85-42B6-4253-B717-A617C33B377E}
	EndGlobalSection
EndGlobal
